
Microsoft Visual Studio Solution File, Format Version 12.00
# Visual Studio Version 17
VisualStudioVersion = 17.9.34701.34
MinimumVisualStudioVersion = 10.0.40219.1
Project("{FAE04EC0-301F-11D3-BF4B-00C04F79EFBC}") = "Dice_Game", "Dice_Game\Dice_Game.csproj", "{8F2F40FB-DCEC-4A62-92F1-8E7FE9030081}"
EndProject
Global
	GlobalSection(SolutionConfigurationPlatforms) = preSolution
		Debug|Any CPU = Debug|Any CPU
		Release|Any CPU = Release|Any CPU
	EndGlobalSection
	GlobalSection(ProjectConfigurationPlatforms) = postSolution
		{8F2F40FB-DCEC-4A62-92F1-8E7FE9030081}.Debug|Any CPU.ActiveCfg = Debug|Any CPU
		{8F2F40FB-DCEC-4A62-92F1-8E7FE9030081}.Debug|Any CPU.Build.0 = Debug|Any CPU
		{8F2F40FB-DCEC-4A62-92F1-8E7FE9030081}.Release|Any CPU.ActiveCfg = Release|Any CPU
		{8F2F40FB-DCEC-4A62-92F1-8E7FE9030081}.Release|Any CPU.Build.0 = Release|Any CPU
	EndGlobalSection
	GlobalSection(SolutionProperties) = preSolution
		HideSolutionNode = FALSE
	EndGlobalSection
	GlobalSection(ExtensibilityGlobals) = postSolution
		SolutionGuid = {E73B38A9-A4CF-411C-BF70-04FD2E77DD9C}
	EndGlobalSection
EndGlobal
